Microsoft Visual Studio Solution File, Format Version 12.00
# Visual Studio 14
VisualStudioVersion = 14.0.25420.1
MinimumVisualStudioVersion = 10.0.40219.1
Project("{2150E333-8FDC-42A3-9474-1A3956D46DE8}") = "Documentation", "Documentation", "{DF04C866-E7F5-4D96-860B-E4D6A9ACBDC1}"
	ProjectSection(SolutionItems) = preProject
		Blogical.Shared.Adapters.Sftp_v1.3.doc = Blogical.Shared.Adapters.Sftp_v1.3.doc
		Blogical.Shared.Adapters.Sftp_v1.4.doc = Blogical.Shared.Adapters.Sftp_v1.4.doc
		Blogical.Shared.Adapters.Sftp_v1.5.doc = Blogical.Shared.Adapters.Sftp_v1.5.doc
		Blogical.Shared.Adapters.Sftp_v1.6.doc = Blogical.Shared.Adapters.Sftp_v1.6.doc
		CreateTable.sql = CreateTable.sql
	EndProjectSection
EndProject
Project("{FAE04EC0-301F-11D3-BF4B-00C04F79EFBC}") = "Blogical.Shared.Adapters.Sftp", "Blogical.Shared.Adapters.Sftp\Blogical.Shared.Adapters.Sftp.csproj", "{7955A7CC-4C23-4DA1-B94C-5F176A56811D}"
EndProject
Project("{FAE04EC0-301F-11D3-BF4B-00C04F79EFBC}") = "Blogical.Shared.Adapters.Sftp.Management", "Blogical.Shared.Adapters.Sftp.Management\Blogical.Shared.Adapters.Sftp.Management.csproj", "{7A894EBA-1E21-4B37-9E30-3F29AE8AA1E3}"
EndProject
Project("{FAE04EC0-301F-11D3-BF4B-00C04F79EFBC}") = "Blogical.Shared.Adapters.Common", "Blogical.Shared.Adapters.Common\Blogical.Shared.Adapters.Common.csproj", "{44B780E7-6D79-4BAF-9994-28CFFA1172A6}"
EndProject
Project("{FAE04EC0-301F-11D3-BF4B-00C04F79EFBC}") = "Blogical.Shared.Adapters.Sftp.Schemas", "Blogical.Shared.Adapters.Sftp.Schemas\Blogical.Shared.Adapters.Sftp.Schemas.btproj", "{295EB82F-CB82-4196-8492-6915332E487B}"
EndProject
Project("{FAE04EC0-301F-11D3-BF4B-00C04F79EFBC}") = "SharpSSH", "SharpSSH-1.1.1.13.src\SharpSSH.csproj", "{D27CF69D-4681-492A-BE4D-D3D209104423}"
EndProject
Project("{2150E333-8FDC-42A3-9474-1A3956D46DE8}") = "Solution Items", "Solution Items", "{09996B37-1D5E-4C7E-9623-1C43AC7488A0}"
	ProjectSection(SolutionItems) = preProject
		key.snk = key.snk
	EndProjectSection
EndProject
Project("{54435603-DBB4-11D2-8724-00A0C9A8B90C}") = "Blogical.Shared.Adapters.Sftp.Setup", "Blogical.Shared.Adapters.Sftp.Setup\Blogical.Shared.Adapters.Sftp.Setup.vdproj", "{321D3F3C-B79C-4F84-8B42-E264E370D95F}"
EndProject
Global
	GlobalSection(SolutionConfigurationPlatforms) = preSolution
		Debug|Any CPU = Debug|Any CPU
		Release|Any CPU = Release|Any CPU
	EndGlobalSection
	GlobalSection(ProjectConfigurationPlatforms) = postSolution
		{7955A7CC-4C23-4DA1-B94C-5F176A56811D}.Debug|Any CPU.ActiveCfg = Debug|Any CPU
		{7955A7CC-4C23-4DA1-B94C-5F176A56811D}.Debug|Any CPU.Build.0 = Debug|Any CPU
		{7955A7CC-4C23-4DA1-B94C-5F176A56811D}.Release|Any CPU.ActiveCfg = Release|Any CPU
		{7955A7CC-4C23-4DA1-B94C-5F176A56811D}.Release|Any CPU.Build.0 = Release|Any CPU
		{7A894EBA-1E21-4B37-9E30-3F29AE8AA1E3}.Debug|Any CPU.ActiveCfg = Debug|Any CPU
		{7A894EBA-1E21-4B37-9E30-3F29AE8AA1E3}.Debug|Any CPU.Build.0 = Debug|Any CPU
		{7A894EBA-1E21-4B37-9E30-3F29AE8AA1E3}.Release|Any CPU.ActiveCfg = Release|Any CPU
		{7A894EBA-1E21-4B37-9E30-3F29AE8AA1E3}.Release|Any CPU.Build.0 = Release|Any CPU
		{44B780E7-6D79-4BAF-9994-28CFFA1172A6}.Debug|Any CPU.ActiveCfg = Debug|Any CPU
		{44B780E7-6D79-4BAF-9994-28CFFA1172A6}.Debug|Any CPU.Build.0 = Debug|Any CPU
		{44B780E7-6D79-4BAF-9994-28CFFA1172A6}.Release|Any CPU.ActiveCfg = Release|Any CPU
		{44B780E7-6D79-4BAF-9994-28CFFA1172A6}.Release|Any CPU.Build.0 = Release|Any CPU
		{295EB82F-CB82-4196-8492-6915332E487B}.Debug|Any CPU.ActiveCfg = Debug|Any CPU
		{295EB82F-CB82-4196-8492-6915332E487B}.Debug|Any CPU.Build.0 = Debug|Any CPU
		{295EB82F-CB82-4196-8492-6915332E487B}.Debug|Any CPU.Deploy.0 = Debug|Any CPU
		{295EB82F-CB82-4196-8492-6915332E487B}.Release|Any CPU.ActiveCfg = Release|Any CPU
		{295EB82F-CB82-4196-8492-6915332E487B}.Release|Any CPU.Build.0 = Release|Any CPU
		{295EB82F-CB82-4196-8492-6915332E487B}.Release|Any CPU.Deploy.0 = Release|Any CPU
		{D27CF69D-4681-492A-BE4D-D3D209104423}.Debug|Any CPU.ActiveCfg = Debug|Any CPU
		{D27CF69D-4681-492A-BE4D-D3D209104423}.Debug|Any CPU.Build.0 = Debug|Any CPU
		{D27CF69D-4681-492A-BE4D-D3D209104423}.Release|Any CPU.ActiveCfg = Release|Any CPU
		{D27CF69D-4681-492A-BE4D-D3D209104423}.Release|Any CPU.Build.0 = Release|Any CPU
		{321D3F3C-B79C-4F84-8B42-E264E370D95F}.Debug|Any CPU.ActiveCfg = Debug
		{321D3F3C-B79C-4F84-8B42-E264E370D95F}.Debug|Any CPU.Build.0 = Debug
		{321D3F3C-B79C-4F84-8B42-E264E370D95F}.Release|Any CPU.ActiveCfg = Release
		{321D3F3C-B79C-4F84-8B42-E264E370D95F}.Release|Any CPU.Build.0 = Release
	EndGlobalSection
	GlobalSection(SolutionProperties) = preSolution
		HideSolutionNode = FALSE
	EndGlobalSection
EndGlobal
